
Microsoft Visual Studio Solution File, Format Version 12.00
# Visual Studio Version 16
VisualStudioVersion = 16.0.29418.71
MinimumVisualStudioVersion = 10.0.40219.1
Project("{9A19103F-16F7-4668-BE54-9A1E7A4F7556}") = "Vasont.Inspire.Models", "Vasont.Inspire.Models.csproj", "{29A39A28-DD12-450B-B48E-7D3195E1E8C6}"
EndProject
Global
	GlobalSection(SolutionConfigurationPlatforms) = preSolution
		Debug|Any CPU = Debug|Any CPU
		Release|Any CPU = Release|Any CPU
	EndGlobalSection
	GlobalSection(ProjectConfigurationPlatforms) = postSolution
		{29A39A28-DD12-450B-B48E-7D3195E1E8C6}.Debug|Any CPU.ActiveCfg = Debug|Any CPU
		{29A39A28-DD12-450B-B48E-7D3195E1E8C6}.Debug|Any CPU.Build.0 = Debug|Any CPU
		{29A39A28-DD12-450B-B48E-7D3195E1E8C6}.Release|Any CPU.ActiveCfg = Release|Any CPU
		{29A39A28-DD12-450B-B48E-7D3195E1E8C6}.Release|Any CPU.Build.0 = Release|Any CPU
	EndGlobalSection
	GlobalSection(SolutionProperties) = preSolution
		HideSolutionNode = FALSE
	EndGlobalSection
	GlobalSection(ExtensibilityGlobals) = postSolution
		SolutionGuid = {B3F9F4AB-0CCF-42EA-8E7E-314B318654AA}
	EndGlobalSection
EndGlobal
